# @generated by Move, please check-in and do not edit manually.

[move]
version = 3
manifest_digest = "CD466AD9D003A55E1F3119858CB969273F088EFC204E2F7BBCA1A847F562A81D"
deps_digest = "F8BBB0CCB2491CA29A3DF03D6F92277A4F3574266507ACD77214D37ECA3F3082"
dependencies = [
  { id = "Sui", name = "Sui" },
]

[[move.package]]
id = "MoveStdlib"
source = { git = "https://github.com/MystenLabs/sui.git", rev = "testnet", subdir = "crates/sui-framework/packages/move-stdlib" }

[[move.package]]
id = "Sui"
source = { git = "https://github.com/MystenLabs/sui.git", rev = "testnet", subdir = "crates/sui-framework/packages/sui-framework" }

dependencies = [
  { id = "MoveStdlib", name = "MoveStdlib" },
]

[move.toolchain-version]
compiler-version = "1.48.0"
edition = "2024.beta"
flavor = "sui"

[env]

[env.testnet]
chain-id = "4c78adac"
original-published-id = "0xae162c84be01eacc4a2013dfd3387189055161934d90de17b845ff53e5fe7e7a"
latest-published-id = "0xae162c84be01eacc4a2013dfd3387189055161934d90de17b845ff53e5fe7e7a"
published-version = "1"
