# @generated by Move, please check-in and do not edit manually.

[move]
version = 3
manifest_digest = "751E5F1901853B1DD98E80BA5431BCCFFC08794C5DA2F89DDB907A3622AA0268"
deps_digest = "F8BBB0CCB2491CA29A3DF03D6F92277A4F3574266507ACD77214D37ECA3F3082"
dependencies = [
  { id = "Sui", name = "Sui" },
]

[[move.package]]
id = "MoveStdlib"
source = { git = "https://github.com/MystenLabs/sui.git", rev = "testnet", subdir = "crates/sui-framework/packages/move-stdlib" }

[[move.package]]
id = "Sui"
source = { git = "https://github.com/MystenLabs/sui.git", rev = "testnet", subdir = "crates/sui-framework/packages/sui-framework" }

dependencies = [
  { id = "MoveStdlib", name = "MoveStdlib" },
]

[move.toolchain-version]
compiler-version = "1.48.0"
edition = "2024.beta"
flavor = "sui"

[env]

[env.testnet]
chain-id = "4c78adac"
original-published-id = "0xef1c4dddeecaf566a8db5ff01189e83e337c440ac331b2d78ca2d024c360e3d4"
latest-published-id = "0xef1c4dddeecaf566a8db5ff01189e83e337c440ac331b2d78ca2d024c360e3d4"
published-version = "1"
